// !$*UTF8*$!
{
	archiveVersion = 1;
	classes = {
	};
	objectVersion = 50;
	objects = {

/* Begin PBXBuildFile section */
		3DC5B00A2379CB84008D5AE9 /* AppDelegate.swift in Sources */ = {isa = PBXBuildFile; fileRef = 3DC5B0092379CB84008D5AE9 /* AppDelegate.swift */; };
		3DC5B00C2379CB84008D5AE9 /* SceneDelegate.swift in Sources */ = {isa = PBXBuildFile; fileRef = 3DC5B00B2379CB84008D5AE9 /* SceneDelegate.swift */; };
		3DC5B00E2379CB84008D5AE9 /* ViewController.swift in Sources */ = {isa = PBXBuildFile; fileRef = 3DC5B00D2379CB84008D5AE9 /* ViewController.swift */; };
		3DC5B0112379CB84008D5AE9 /* Main.storyboard in Resources */ = {isa = PBXBuildFile; fileRef = 3DC5B00F2379CB84008D5AE9 /* Main.storyboard */; };
		3DC5B0132379CB86008D5AE9 /* Assets.xcassets in Resources */ = {isa = PBXBuildFile; fileRef = 3DC5B0122379CB86008D5AE9 /* Assets.xcassets */; };
		3DC5B0162379CB86008D5AE9 /* LaunchScreen.storyboard in Resources */ = {isa = PBXBuildFile; fileRef = 3DC5B0142379CB86008D5AE9 /* LaunchScreen.storyboard */; };
/* End PBXBuildFile section */

/* Begin PBXFileReference section */
		3DC5B0062379CB84008D5AE9 /* Wordplay.app */ = {isa = PBXFileReference; explicitFileType = wrapper.application; includeInIndex = 0; path = Wordplay.app; sourceTree = BUILT_PRODUCTS_DIR; };
		3DC5B0092379CB84008D5AE9 /* AppDelegate.swift */ = {isa = PBXFileReference; lastKnownFileType = sourcecode.swift; path = AppDelegate.swift; sourceTree = "<group>"; };
		3DC5B00B2379CB84008D5AE9 /* SceneDelegate.swift */ = {isa = PBXFileReference; lastKnownFileType = sourcecode.swift; path = SceneDelegate.swift; sourceTree = "<group>"; };
		3DC5B00D2379CB84008D5AE9 /* ViewController.swift */ = {isa = PBXFileReference; lastKnownFileType = sourcecode.swift; path = ViewController.swift; sourceTree = "<group>"; };
		3DC5B0102379CB84008D5AE9 /* Base */ = {isa = PBXFileReference; lastKnownFileType = file.storyboard; name = Base; path = Base.lproj/Main.storyboard; sourceTree = "<group>"; };
		3DC5B0122379CB86008D5AE9 /* Assets.xcassets */ = {isa = PBXFileReference; lastKnownFileType = folder.assetcatalog; path = Assets.xcassets; sourceTree = "<group>"; };
		3DC5B0152379CB86008D5AE9 /* Base */ = {isa = PBXFileReference; lastKnownFileType = file.storyboard; name = Base; path = Base.lproj/LaunchScreen.storyboard; sourceTree = "<group>"; };
		3DC5B0172379CB86008D5AE9 /* Info.plist */ = {isa = PBXFileReference; lastKnownFileType = text.plist.xml; path = Info.plist; sourceTree = "<group>"; };
/* End PBXFileReference section */

/* Begin PBXFrameworksBuildPhase section */
		3DC5B0032379CB84008D5AE9 /* Frameworks */ = {
			isa = PBXFrameworksBuildPhase;
			buildActionMask = 2147483647;
			files = (
			);
			runOnlyForDeploymentPostprocessing = 0;
		};
/* End PBXFrameworksBuildPhase section */

/* Begin PBXGroup section */
		3DC5AFFD2379CB84008D5AE9 = {
			isa = PBXGroup;
			children = (
				3DC5B0082379CB84008D5AE9 /* Wordplay */,
				3DC5B0072379CB84008D5AE9 /* Products */,
			);
			sourceTree = "<group>";
		};
		3DC5B0072379CB84008D5AE9 /* Products */ = {
			isa = PBXGroup;
			children = (
				3DC5B0062379CB84008D5AE9 /* Wordplay.app */,
			);
			name = Products;
			sourceTree = "<group>";
		};
		3DC5B0082379CB84008D5AE9 /* Wordplay */ = {
			isa = PBXGroup;
			children = (
				3DC5B0092379CB84008D5AE9 /* AppDelegate.swift */,
				3DC5B00B2379CB84008D5AE9 /* SceneDelegate.swift */,
				3DC5B00D2379CB84008D5AE9 /* ViewController.swift */,
				3DC5B00F2379CB84008D5AE9 /* Main.storyboard */,
				3DC5B0122379CB86008D5AE9 /* Assets.xcassets */,
				3DC5B0142379CB86008D5AE9 /* LaunchScreen.storyboard */,
				3DC5B0172379CB86008D5AE9 /* Info.plist */,
			);
			path = Wordplay;
			sourceTree = "<group>";
		};
/* End PBXGroup section */

/* Begin PBXNativeTarget section */
		3DC5B0052379CB84008D5AE9 /* Wordplay */ = {
			isa = PBXNativeTarget;
			buildConfigurationList = 3DC5B01A2379CB86008D5AE9 /* Build configuration list for PBXNativeTarget "Wordplay" */;
			buildPhases = (
				3DC5B0022379CB84008D5AE9 /* Sources */,
				3DC5B0032379CB84008D5AE9 /* Frameworks */,
				3DC5B0042379CB84008D5AE9 /* Resources */,
			);
			buildRules = (
			);
			dependencies = (
			);
			name = Wordplay;
			productName = Wordplay;
			productReference = 3DC5B0062379CB84008D5AE9 /* Wordplay.app */;
			productType = "com.apple.product-type.application";
		};
/* End PBXNativeTarget section */

/* Begin PBXProject section */
		3DC5AFFE2379CB84008D5AE9 /* Project object */ = {
			isa = PBXProject;
			attributes = {
				LastSwiftUpdateCheck = 1110;
				LastUpgradeCheck = 1110;
				ORGANIZATIONNAME = "Niko Hatzisavas";
				TargetAttributes = {
					3DC5B0052379CB84008D5AE9 = {
						CreatedOnToolsVersion = 11.1;
					};
				};
			};
			buildConfigurationList = 3DC5B0012379CB84008D5AE9 /* Build configuration list for PBXProject "Wordplay" */;
			compatibilityVersion = "Xcode 9.3";
			developmentRegion = en;
			hasScannedForEncodings = 0;
			knownRegions = (
				en,
				Base,
			);
			mainGroup = 3DC5AFFD2379CB84008D5AE9;
			productRefGroup = 3DC5B0072379CB84008D5AE9 /* Products */;
			projectDirPath = "";
			projectRoot = "";
			targets = (
				3DC5B0052379CB84008D5AE9 /* Wordplay */,
			);
		};
/* End PBXProject section */

/* Begin PBXResourcesBuildPhase section */
		3DC5B0042379CB84008D5AE9 /* Resources */ = {
			isa = PBXResourcesBuildPhase;
			buildActionMask = 2147483647;
			files = (
				3DC5B0162379CB86008D5AE9 /* LaunchScreen.storyboard in Resources */,
				3DC5B0132379CB86008D5AE9 /* Assets.xcassets in Resources */,
				3DC5B0112379CB84008D5AE9 /* Main.storyboard in Resources */,
			);
			runOnlyForDeploymentPostprocessing = 0;
		};
/* End PBXResourcesBuildPhase section */

/* Begin PBXSourcesBuildPhase section */
		3DC5B0022379CB84008D5AE9 /* Sources */ = {
			isa = PBXSourcesBuildPhase;
			buildActionMask = 2147483647;
			files = (
				3DC5B00E2379CB84008D5AE9 /* ViewController.swift in Sources */,
				3DC5B00A2379CB84008D5AE9 /* AppDelegate.swift in Sources */,
				3DC5B00C2379CB84008D5AE9 /* SceneDelegate.swift in Sources */,
			);
			runOnlyForDeploymentPostprocessing = 0;
		};
/* End PBXSourcesBuildPhase section */

/* Begin PBXVariantGroup section */
		3DC5B00F2379CB84008D5AE9 /* Main.storyboard */ = {
			isa = PBXVariantGroup;
			children = (
				3DC5B0102379CB84008D5AE9 /* Base */,
			);
			name = Main.storyboard;
			sourceTree = "<group>";
		};
		3DC5B0142379CB86008D5AE9 /* LaunchScreen.storyboard */ = {
			isa = PBXVariantGroup;
			children = (
				3DC5B0152379CB86008D5AE9 /* Base */,
			);
			name = LaunchScreen.storyboard;
			sourceTree = "<group>";
		};
/* End PBXVariantGroup section */

/* Begin XCBuildConfiguration section */
		3DC5B0182379CB86008D5AE9 /* Debug */ = {
			isa = XCBuildConfiguration;
			buildSettings = {
				ALWAYS_SEARCH_USER_PATHS = NO;
				CLANG_ANALYZER_NONNULL = YES;
				CLANG_ANALYZER_NUMBER_OBJECT_CONVERSION = YES_AGGRESSIVE;
				CLANG_CXX_LANGUAGE_STANDARD = "gnu++14";
				CLANG_CXX_LIBRARY = "libc++";
				CLANG_ENABLE_MODULES = YES;
				CLANG_ENABLE_OBJC_ARC = YES;
				CLANG_ENABLE_OBJC_WEAK = YES;
				CLANG_WARN_BLOCK_CAPTURE_AUTORELEASING = YES;
				CLANG_WARN_BOOL_CONVERSION = YES;
				CLANG_WARN_COMMA = YES;
				CLANG_WARN_CONSTANT_CONVERSION = YES;
				CLANG_WARN_DEPRECATED_OBJC_IMPLEMENTATIONS = YES;
				CLANG_WARN_DIRECT_OBJC_ISA_USAGE = YES_ERROR;
				CLANG_WARN_DOCUMENTATION_COMMENTS = YES;
				CLANG_WARN_EMPTY_BODY = YES;
				CLANG_WARN_ENUM_CONVERSION = YES;
				CLANG_WARN_INFINITE_RECURSION = YES;
				CLANG_WARN_INT_CONVERSION = YES;
				CLANG_WARN_NON_LITERAL_NULL_CONVERSION = YES;
				CLANG_WARN_OBJC_IMPLICIT_RETAIN_SELF = YES;
				CLANG_WARN_OBJC_LITERAL_CONVERSION = YES;
				CLANG_WARN_OBJC_ROOT_CLASS = YES_ERROR;
				CLANG_WARN_RANGE_LOOP_ANALYSIS = YES;
				CLANG_WARN_STRICT_PROTOTYPES = YES;
				CLANG_WARN_SUSPICIOUS_MOVE = YES;
				CLANG_WARN_UNGUARDED_AVAILABILITY = YES_AGGRESSIVE;
				CLANG_WARN_UNREACHABLE_CODE = YES;
				CLANG_WARN__DUPLICATE_METHOD_MATCH = YES;
				COPY_PHASE_STRIP = NO;
				DEBUG_INFORMATION_FORMAT = dwarf;
				ENABLE_STRICT_OBJC_MSGSEND = YES;
				ENABLE_TESTABILITY = YES;
				GCC_C_LANGUAGE_STANDARD = gnu11;
				GCC_DYNAMIC_NO_PIC = NO;
				GCC_NO_COMMON_BLOCKS = YES;
				GCC_OPTIMIZATION_LEVEL = 0;
				GCC_PREPROCESSOR_DEFINITIONS = (
					"DEBUG=1",
					"$(inherited)",
				);
				GCC_WARN_64_TO_32_BIT_CONVERSION = YES;
				GCC_WARN_ABOUT_RETURN_TYPE = YES_ERROR;
				GCC_WARN_UNDECLARED_SELECTOR = YES;
				GCC_WARN_UNINITIALIZED_AUTOS = YES_AGGRESSIVE;
				GCC_WARN_UNUSED_FUNCTION = YES;
				GCC_WARN_UNUSED_VARIABLE = YES;
				IPHONEOS_DEPLOYMENT_TARGET = 13.1;
				MTL_ENABLE_DEBUG_INFO = INCLUDE_SOURCE;
				MTL_FAST_MATH = YES;
				ONLY_ACTIVE_ARCH = YES;
				SDKROOT = iphoneos;
				SWIFT_ACTIVE_COMPILATION_CONDITIONS = DEBUG;
				SWIFT_OPTIMIZATION_LEVEL = "-Onone";
			};
			name = Debug;
		};
		3DC5B0192379CB86008D5AE9 /* Release */ = {
			isa = XCBuildConfiguration;
			buildSettings = {
				ALWAYS_SEARCH_USER_PATHS = NO;
				CLANG_ANALYZER_NONNULL = YES;
				CLANG_ANALYZER_NUMBER_OBJECT_CONVERSION = YES_AGGRESSIVE;
				CLANG_CXX_LANGUAGE_STANDARD = "gnu++14";
				CLANG_CXX_LIBRARY = "libc++";
				CLANG_ENABLE_MODULES = YES;
				CLANG_ENABLE_OBJC_ARC = YES;
				CLANG_ENABLE_OBJC_WEAK = YES;
				CLANG_WARN_BLOCK_CAPTURE_AUTORELEASING = YES;
				CLANG_WARN_BOOL_CONVERSION = YES;
				CLANG_WARN_COMMA = YES;
				CLANG_WARN_CONSTANT_CONVERSION = YES;
				CLANG_WARN_DEPRECATED_OBJC_IMPLEMENTATIONS = YES;
				CLANG_WARN_DIRECT_OBJC_ISA_USAGE = YES_ERROR;
				CLANG_WARN_DOCUMENTATION_COMMENTS = YES;
				CLANG_WARN_EMPTY_BODY = YES;
				CLANG_WARN_ENUM_CONVERSION = YES;
				CLANG_WARN_INFINITE_RECURSION = YES;
				CLANG_WARN_INT_CONVERSION = YES;
				CLANG_WARN_NON_LITERAL_NULL_CONVERSION = YES;
				CLANG_WARN_OBJC_IMPLICIT_RETAIN_SELF = YES;
				CLANG_WARN_OBJC_LITERAL_CONVERSION = YES;
				CLANG_WARN_OBJC_ROOT_CLASS = YES_ERROR;
				CLANG_WARN_RANGE_LOOP_ANALYSIS = YES;
				CLANG_WARN_STRICT_PROTOTYPES = YES;
				CLANG_WARN_SUSPICIOUS_MOVE = YES;
				CLANG_WARN_UNGUARDED_AVAILABILITY = YES_AGGRESSIVE;
				CLANG_WARN_UNREACHABLE_CODE = YES;
				CLANG_WARN__DUPLICATE_METHOD_MATCH = YES;
				COPY_PHASE_STRIP = NO;
				DEBUG_INFORMATION_FORMAT = "dwarf-with-dsym";
				ENABLE_NS_ASSERTIONS = NO;
				ENABLE_STRICT_OBJC_MSGSEND = YES;
				GCC_C_LANGUAGE_STANDARD = gnu11;
				GCC_NO_COMMON_BLOCKS = YES;
				GCC_WARN_64_TO_32_BIT_CONVERSION = YES;
				GCC_WARN_ABOUT_RETURN_TYPE = YES_ERROR;
				GCC_WARN_UNDECLARED_SELECTOR = YES;
				GCC_WARN_UNINITIALIZED_AUTOS = YES_AGGRESSIVE;
				GCC_WARN_UNUSED_FUNCTION = YES;
				GCC_WARN_UNUSED_VARIABLE = YES;
				IPHONEOS_DEPLOYMENT_TARGET = 13.1;
				MTL_ENABLE_DEBUG_INFO = NO;
				MTL_FAST_MATH = YES;
				SDKROOT = iphoneos;
				SWIFT_COMPILATION_MODE = wholemodule;
				SWIFT_OPTIMIZATION_LEVEL = "-O";
				VALIDATE_PRODUCT = YES;
			};
			name = Release;
		};
		3DC5B01B2379CB86008D5AE9 /* Debug */ = {
			isa = XCBuildConfiguration;
			buildSettings = {
				ASSETCATALOG_COMPILER_APPICON_NAME = AppIcon;
				CODE_SIGN_STYLE = Automatic;
				DEVELOPMENT_TEAM = ZDLGP6PZRL;
				INFOPLIST_FILE = Wordplay/Info.plist;
				LD_RUNPATH_SEARCH_PATHS = (
					"$(inherited)",
					"@executable_path/Frameworks",
				);
				PRODUCT_BUNDLE_IDENTIFIER = org.d214.jhhs.621137.Wordplay;
				PRODUCT_NAME = "$(TARGET_NAME)";
				SWIFT_VERSION = 5.0;
				TARGETED_DEVICE_FAMILY = "1,2";
			};
			name = Debug;
		};
		3DC5B01C2379CB86008D5AE9 /* Release */ = {
			isa = XCBuildConfiguration;
			buildSettings = {
				ASSETCATALOG_COMPILER_APPICON_NAME = AppIcon;
				CODE_SIGN_STYLE = Automatic;
				DEVELOPMENT_TEAM = ZDLGP6PZRL;
				INFOPLIST_FILE = Wordplay/Info.plist;
				LD_RUNPATH_SEARCH_PATHS = (
					"$(inherited)",
					"@executable_path/Frameworks",
				);
				PRODUCT_BUNDLE_IDENTIFIER = org.d214.jhhs.621137.Wordplay;
				PRODUCT_NAME = "$(TARGET_NAME)";
				SWIFT_VERSION = 5.0;
				TARGETED_DEVICE_FAMILY = "1,2";
			};
			name = Release;
		};
/* End XCBuildConfiguration section */

/* Begin XCConfigurationList section */
		3DC5B0012379CB84008D5AE9 /* Build configuration list for PBXProject "Wordplay" */ = {
			isa = XCConfigurationList;
			buildConfigurations = (
				3DC5B0182379CB86008D5AE9 /* Debug */,
				3DC5B0192379CB86008D5AE9 /* Release */,
			);
			defaultConfigurationIsVisible = 0;
			defaultConfigurationName = Release;
		};
		3DC5B01A2379CB86008D5AE9 /* Build configuration list for PBXNativeTarget "Wordplay" */ = {
			isa = XCConfigurationList;
			buildConfigurations = (
				3DC5B01B2379CB86008D5AE9 /* Debug */,
				3DC5B01C2379CB86008D5AE9 /* Release */,
			);
			defaultConfigurationIsVisible = 0;
			defaultConfigurationName = Release;
		};
/* End XCConfigurationList section */
	};
	rootObject = 3DC5AFFE2379CB84008D5AE9 /* Project object */;
}
